{
  "name": "hello",
  "version": "1.0.0",
  "lockfileVersion": 1,
  "requires": true,
  "dependencies": {
    "lin-ui": {
      "version": "0.5.12",
      "resolved": "https://registry.npmjs.org/lin-ui/-/lin-ui-0.5.12.tgz",
      "integrity": "sha512-r+Sd3WdnMidIVG+2k25BEziQpn5sT7UZtwTCo86CpsvwrVBhaxPiM0e7EFw0XRqj4otEna7dcdhIjXT7hNl3AQ=="
    }
  }
}
